
Microsoft Visual Studio Solution File, Format Version 12.00
# Visual Studio Version 17
VisualStudioVersion = 17.11.35312.102
MinimumVisualStudioVersion = 10.0.40219.1
Project("{FAE04EC0-301F-11D3-BF4B-00C04F79EFBC}") = "FOP", "FOP\FOP.csproj", "{0EF75748-ABE5-4757-994B-9D7266AF85FB}"
EndProject
Global
	GlobalSection(SolutionConfigurationPlatforms) = preSolution
		Debug|Any CPU = Debug|Any CPU
		Release|Any CPU = Release|Any CPU
	EndGlobalSection
	GlobalSection(ProjectConfigurationPlatforms) = postSolution
		{0EF75748-ABE5-4757-994B-9D7266AF85FB}.Debug|Any CPU.ActiveCfg = Debug|Any CPU
		{0EF75748-ABE5-4757-994B-9D7266AF85FB}.Debug|Any CPU.Build.0 = Debug|Any CPU
		{0EF75748-ABE5-4757-994B-9D7266AF85FB}.Release|Any CPU.ActiveCfg = Release|Any CPU
		{0EF75748-ABE5-4757-994B-9D7266AF85FB}.Release|Any CPU.Build.0 = Release|Any CPU
	EndGlobalSection
	GlobalSection(SolutionProperties) = preSolution
		HideSolutionNode = FALSE
	EndGlobalSection
	GlobalSection(ExtensibilityGlobals) = postSolution
		SolutionGuid = {2CFACFD9-93C3-4EAA-92C1-A85DAAA02BCD}
	EndGlobalSection
EndGlobal
